// !$*UTF8*$!
{
	archiveVersion = 1;
	classes = {
	};
	objectVersion = 55;
	objects = {

/* Begin PBXBuildFile section */
		1801B136279F963B00A95197 /* AppDelegate.swift in Sources */ = {isa = PBXBuildFile; fileRef = 1801B135279F963B00A95197 /* AppDelegate.swift */; };
		1801B138279F963B00A95197 /* SceneDelegate.swift in Sources */ = {isa = PBXBuildFile; fileRef = 1801B137279F963B00A95197 /* SceneDelegate.swift */; };
		1801B13A279F963B00A95197 /* ViewController.swift in Sources */ = {isa = PBXBuildFile; fileRef = 1801B139279F963B00A95197 /* ViewController.swift */; };
		1801B13D279F963B00A95197 /* Main.storyboard in Resources */ = {isa = PBXBuildFile; fileRef = 1801B13B279F963B00A95197 /* Main.storyboard */; };
		1801B13F279F963D00A95197 /* Assets.xcassets in Resources */ = {isa = PBXBuildFile; fileRef = 1801B13E279F963D00A95197 /* Assets.xcassets */; };
		1801B142279F963D00A95197 /* LaunchScreen.storyboard in Resources */ = {isa = PBXBuildFile; fileRef = 1801B140279F963D00A95197 /* LaunchScreen.storyboard */; };
		1801B14D279F963D00A95197 /* Lab2_DeepanParikh_C0824505_iOSTests.swift in Sources */ = {isa = PBXBuildFile; fileRef = 1801B14C279F963D00A95197 /* Lab2_DeepanParikh_C0824505_iOSTests.swift */; };
		1801B157279F963E00A95197 /* Lab2_DeepanParikh_C0824505_iOSUITests.swift in Sources */ = {isa = PBXBuildFile; fileRef = 1801B156279F963E00A95197 /* Lab2_DeepanParikh_C0824505_iOSUITests.swift */; };
		1801B159279F963E00A95197 /* Lab2_DeepanParikh_C0824505_iOSUITestsLaunchTests.swift in Sources */ = {isa = PBXBuildFile; fileRef = 1801B158279F963E00A95197 /* Lab2_DeepanParikh_C0824505_iOSUITestsLaunchTests.swift */; };
		1801B167279F980500A95197 /* lab2model.xcdatamodeld in Sources */ = {isa = PBXBuildFile; fileRef = 1801B165279F980500A95197 /* lab2model.xcdatamodeld */; };
/* End PBXBuildFile section */

/* Begin PBXContainerItemProxy section */
		1801B149279F963D00A95197 /* PBXContainerItemProxy */ = {
			isa = PBXContainerItemProxy;
			containerPortal = 1801B12A279F963B00A95197 /* Project object */;
			proxyType = 1;
			remoteGlobalIDString = 1801B131279F963B00A95197;
			remoteInfo = Lab2_DeepanParikh_C0824505_iOS;
		};
		1801B153279F963E00A95197 /* PBXContainerItemProxy */ = {
			isa = PBXContainerItemProxy;
			containerPortal = 1801B12A279F963B00A95197 /* Project object */;
			proxyType = 1;
			remoteGlobalIDString = 1801B131279F963B00A95197;
			remoteInfo = Lab2_DeepanParikh_C0824505_iOS;
		};
/* End PBXContainerItemProxy section */

/* Begin PBXFileReference section */
		1801B132279F963B00A95197 /* Lab2_DeepanParikh_C0824505_iOS.app */ = {isa = PBXFileReference; explicitFileType = wrapper.application; includeInIndex = 0; path = Lab2_DeepanParikh_C0824505_iOS.app; sourceTree = BUILT_PRODUCTS_DIR; };
		1801B135279F963B00A95197 /* AppDelegate.swift */ = {isa = PBXFileReference; lastKnownFileType = sourcecode.swift; path = AppDelegate.swift; sourceTree = "<group>"; };
		1801B137279F963B00A95197 /* SceneDelegate.swift */ = {isa = PBXFileReference; lastKnownFileType = sourcecode.swift; path = SceneDelegate.swift; sourceTree = "<group>"; };
		1801B139279F963B00A95197 /* ViewController.swift */ = {isa = PBXFileReference; lastKnownFileType = sourcecode.swift; path = ViewController.swift; sourceTree = "<group>"; };
		1801B13C279F963B00A95197 /* Base */ = {isa = PBXFileReference; lastKnownFileType = file.storyboard; name = Base; path = Base.lproj/Main.storyboard; sourceTree = "<group>"; };
		1801B13E279F963D00A95197 /* Assets.xcassets */ = {isa = PBXFileReference; lastKnownFileType = folder.assetcatalog; path = Assets.xcassets; sourceTree = "<group>"; };
		1801B141279F963D00A95197 /* Base */ = {isa = PBXFileReference; lastKnownFileType = file.storyboard; name = Base; path = Base.lproj/LaunchScreen.storyboard; sourceTree = "<group>"; };
		1801B143279F963D00A95197 /* Info.plist */ = {isa = PBXFileReference; lastKnownFileType = text.plist.xml; path = Info.plist; sourceTree = "<group>"; };
		1801B148279F963D00A95197 /* Lab2_DeepanParikh_C0824505_iOSTests.xctest */ = {isa = PBXFileReference; explicitFileType = wrapper.cfbundle; includeInIndex = 0; path = Lab2_DeepanParikh_C0824505_iOSTests.xctest; sourceTree = BUILT_PRODUCTS_DIR; };
		1801B14C279F963D00A95197 /* Lab2_DeepanParikh_C0824505_iOSTests.swift */ = {isa = PBXFileReference; lastKnownFileType = sourcecode.swift; path = Lab2_DeepanParikh_C0824505_iOSTests.swift; sourceTree = "<group>"; };
		1801B152279F963E00A95197 /* Lab2_DeepanParikh_C0824505_iOSUITests.xctest */ = {isa = PBXFileReference; explicitFileType = wrapper.cfbundle; includeInIndex = 0; path = Lab2_DeepanParikh_C0824505_iOSUITests.xctest; sourceTree = BUILT_PRODUCTS_DIR; };
		1801B156279F963E00A95197 /* Lab2_DeepanParikh_C0824505_iOSUITests.swift */ = {isa = PBXFileReference; lastKnownFileType = sourcecode.swift; path = Lab2_DeepanParikh_C0824505_iOSUITests.swift; sourceTree = "<group>"; };
		1801B158279F963E00A95197 /* Lab2_DeepanParikh_C0824505_iOSUITestsLaunchTests.swift */ = {isa = PBXFileReference; lastKnownFileType = sourcecode.swift; path = Lab2_DeepanParikh_C0824505_iOSUITestsLaunchTests.swift; sourceTree = "<group>"; };
		1801B166279F980500A95197 /* lab2model.xcdatamodel */ = {isa = PBXFileReference; lastKnownFileType = wrapper.xcdatamodel; path = lab2model.xcdatamodel; sourceTree = "<group>"; };
/* End PBXFileReference section */

/* Begin PBXFrameworksBuildPhase section */
		1801B12F279F963B00A95197 /* Frameworks */ = {
			isa = PBXFrameworksBuildPhase;
			buildActionMask = 2147483647;
			files = (
			);
			runOnlyForDeploymentPostprocessing = 0;
		};
		1801B145279F963D00A95197 /* Frameworks */ = {
			isa = PBXFrameworksBuildPhase;
			buildActionMask = 2147483647;
			files = (
			);
			runOnlyForDeploymentPostprocessing = 0;
		};
		1801B14F279F963E00A95197 /* Frameworks */ = {
			isa = PBXFrameworksBuildPhase;
			buildActionMask = 2147483647;
			files = (
			);
			runOnlyForDeploymentPostprocessing = 0;
		};
/* End PBXFrameworksBuildPhase section */

/* Begin PBXGroup section */
		1801B129279F963B00A95197 = {
			isa = PBXGroup;
			children = (
				1801B165279F980500A95197 /* lab2model.xcdatamodeld */,
				1801B134279F963B00A95197 /* Lab2_DeepanParikh_C0824505_iOS */,
				1801B14B279F963D00A95197 /* Lab2_DeepanParikh_C0824505_iOSTests */,
				1801B155279F963E00A95197 /* Lab2_DeepanParikh_C0824505_iOSUITests */,
				1801B133279F963B00A95197 /* Products */,
			);
			sourceTree = "<group>";
		};
		1801B133279F963B00A95197 /* Products */ = {
			isa = PBXGroup;
			children = (
				1801B132279F963B00A95197 /* Lab2_DeepanParikh_C0824505_iOS.app */,
				1801B148279F963D00A95197 /* Lab2_DeepanParikh_C0824505_iOSTests.xctest */,
				1801B152279F963E00A95197 /* Lab2_DeepanParikh_C0824505_iOSUITests.xctest */,
			);
			name = Products;
			sourceTree = "<group>";
		};
		1801B134279F963B00A95197 /* Lab2_DeepanParikh_C0824505_iOS */ = {
			isa = PBXGroup;
			children = (
				1801B135279F963B00A95197 /* AppDelegate.swift */,
				1801B137279F963B00A95197 /* SceneDelegate.swift */,
				1801B139279F963B00A95197 /* ViewController.swift */,
				1801B13B279F963B00A95197 /* Main.storyboard */,
				1801B13E279F963D00A95197 /* Assets.xcassets */,
				1801B140279F963D00A95197 /* LaunchScreen.storyboard */,
				1801B143279F963D00A95197 /* Info.plist */,
			);
			path = Lab2_DeepanParikh_C0824505_iOS;
			sourceTree = "<group>";
		};
		1801B14B279F963D00A95197 /* Lab2_DeepanParikh_C0824505_iOSTests */ = {
			isa = PBXGroup;
			children = (
				1801B14C279F963D00A95197 /* Lab2_DeepanParikh_C0824505_iOSTests.swift */,
			);
			path = Lab2_DeepanParikh_C0824505_iOSTests;
			sourceTree = "<group>";
		};
		1801B155279F963E00A95197 /* Lab2_DeepanParikh_C0824505_iOSUITests */ = {
			isa = PBXGroup;
			children = (
				1801B156279F963E00A95197 /* Lab2_DeepanParikh_C0824505_iOSUITests.swift */,
				1801B158279F963E00A95197 /* Lab2_DeepanParikh_C0824505_iOSUITestsLaunchTests.swift */,
			);
			path = Lab2_DeepanParikh_C0824505_iOSUITests;
			sourceTree = "<group>";
		};
/* End PBXGroup section */

/* Begin PBXNativeTarget section */
		1801B131279F963B00A95197 /* Lab2_DeepanParikh_C0824505_iOS */ = {
			isa = PBXNativeTarget;
			buildConfigurationList = 1801B15C279F963E00A95197 /* Build configuration list for PBXNativeTarget "Lab2_DeepanParikh_C0824505_iOS" */;
			buildPhases = (
				1801B12E279F963B00A95197 /* Sources */,
				1801B12F279F963B00A95197 /* Frameworks */,
				1801B130279F963B00A95197 /* Resources */,
			);
			buildRules = (
			);
			dependencies = (
			);
			name = Lab2_DeepanParikh_C0824505_iOS;
			productName = Lab2_DeepanParikh_C0824505_iOS;
			productReference = 1801B132279F963B00A95197 /* Lab2_DeepanParikh_C0824505_iOS.app */;
			productType = "com.apple.product-type.application";
		};
		1801B147279F963D00A95197 /* Lab2_DeepanParikh_C0824505_iOSTests */ = {
			isa = PBXNativeTarget;
			buildConfigurationList = 1801B15F279F963E00A95197 /* Build configuration list for PBXNativeTarget "Lab2_DeepanParikh_C0824505_iOSTests" */;
			buildPhases = (
				1801B144279F963D00A95197 /* Sources */,
				1801B145279F963D00A95197 /* Frameworks */,
				1801B146279F963D00A95197 /* Resources */,
			);
			buildRules = (
			);
			dependencies = (
				1801B14A279F963D00A95197 /* PBXTargetDependency */,
			);
			name = Lab2_DeepanParikh_C0824505_iOSTests;
			productName = Lab2_DeepanParikh_C0824505_iOSTests;
			productReference = 1801B148279F963D00A95197 /* Lab2_DeepanParikh_C0824505_iOSTests.xctest */;
			productType = "com.apple.product-type.bundle.unit-test";
		};
		1801B151279F963E00A95197 /* Lab2_DeepanParikh_C0824505_iOSUITests */ = {
			isa = PBXNativeTarget;
			buildConfigurationList = 1801B162279F963E00A95197 /* Build configuration list for PBXNativeTarget "Lab2_DeepanParikh_C0824505_iOSUITests" */;
			buildPhases = (
				1801B14E279F963E00A95197 /* Sources */,
				1801B14F279F963E00A95197 /* Frameworks */,
				1801B150279F963E00A95197 /* Resources */,
			);
			buildRules = (
			);
			dependencies = (
				1801B154279F963E00A95197 /* PBXTargetDependency */,
			);
			name = Lab2_DeepanParikh_C0824505_iOSUITests;
			productName = Lab2_DeepanParikh_C0824505_iOSUITests;
			productReference = 1801B152279F963E00A95197 /* Lab2_DeepanParikh_C0824505_iOSUITests.xctest */;
			productType = "com.apple.product-type.bundle.ui-testing";
		};
/* End PBXNativeTarget section */

/* Begin PBXProject section */
		1801B12A279F963B00A95197 /* Project object */ = {
			isa = PBXProject;
			attributes = {
				BuildIndependentTargetsInParallel = 1;
				LastSwiftUpdateCheck = 1310;
				LastUpgradeCheck = 1310;
				TargetAttributes = {
					1801B131279F963B00A95197 = {
						CreatedOnToolsVersion = 13.1;
					};
					1801B147279F963D00A95197 = {
						CreatedOnToolsVersion = 13.1;
						TestTargetID = 1801B131279F963B00A95197;
					};
					1801B151279F963E00A95197 = {
						CreatedOnToolsVersion = 13.1;
						TestTargetID = 1801B131279F963B00A95197;
					};
				};
			};
			buildConfigurationList = 1801B12D279F963B00A95197 /* Build configuration list for PBXProject "Lab2_DeepanParikh_C0824505_iOS" */;
			compatibilityVersion = "Xcode 13.0";
			developmentRegion = en;
			hasScannedForEncodings = 0;
			knownRegions = (
				en,
				Base,
			);
			mainGroup = 1801B129279F963B00A95197;
			productRefGroup = 1801B133279F963B00A95197 /* Products */;
			projectDirPath = "";
			projectRoot = "";
			targets = (
				1801B131279F963B00A95197 /* Lab2_DeepanParikh_C0824505_iOS */,
				1801B147279F963D00A95197 /* Lab2_DeepanParikh_C0824505_iOSTests */,
				1801B151279F963E00A95197 /* Lab2_DeepanParikh_C0824505_iOSUITests */,
			);
		};
/* End PBXProject section */

/* Begin PBXResourcesBuildPhase section */
		1801B130279F963B00A95197 /* Resources */ = {
			isa = PBXResourcesBuildPhase;
			buildActionMask = 2147483647;
			files = (
				1801B142279F963D00A95197 /* LaunchScreen.storyboard in Resources */,
				1801B13F279F963D00A95197 /* Assets.xcassets in Resources */,
				1801B13D279F963B00A95197 /* Main.storyboard in Resources */,
			);
			runOnlyForDeploymentPostprocessing = 0;
		};
		1801B146279F963D00A95197 /* Resources */ = {
			isa = PBXResourcesBuildPhase;
			buildActionMask = 2147483647;
			files = (
			);
			runOnlyForDeploymentPostprocessing = 0;
		};
		1801B150279F963E00A95197 /* Resources */ = {
			isa = PBXResourcesBuildPhase;
			buildActionMask = 2147483647;
			files = (
			);
			runOnlyForDeploymentPostprocessing = 0;
		};
/* End PBXResourcesBuildPhase section */

/* Begin PBXSourcesBuildPhase section */
		1801B12E279F963B00A95197 /* Sources */ = {
			isa = PBXSourcesBuildPhase;
			buildActionMask = 2147483647;
			files = (
				1801B167279F980500A95197 /* lab2model.xcdatamodeld in Sources */,
				1801B13A279F963B00A95197 /* ViewController.swift in Sources */,
				1801B136279F963B00A95197 /* AppDelegate.swift in Sources */,
				1801B138279F963B00A95197 /* SceneDelegate.swift in Sources */,
			);
			runOnlyForDeploymentPostprocessing = 0;
		};
		1801B144279F963D00A95197 /* Sources */ = {
			isa = PBXSourcesBuildPhase;
			buildActionMask = 2147483647;
			files = (
				1801B14D279F963D00A95197 /* Lab2_DeepanParikh_C0824505_iOSTests.swift in Sources */,
			);
			runOnlyForDeploymentPostprocessing = 0;
		};
		1801B14E279F963E00A95197 /* Sources */ = {
			isa = PBXSourcesBuildPhase;
			buildActionMask = 2147483647;
			files = (
				1801B159279F963E00A95197 /* Lab2_DeepanParikh_C0824505_iOSUITestsLaunchTests.swift in Sources */,
				1801B157279F963E00A95197 /* Lab2_DeepanParikh_C0824505_iOSUITests.swift in Sources */,
			);
			runOnlyForDeploymentPostprocessing = 0;
		};
/* End PBXSourcesBuildPhase section */

/* Begin PBXTargetDependency section */
		1801B14A279F963D00A95197 /* PBXTargetDependency */ = {
			isa = PBXTargetDependency;
			target = 1801B131279F963B00A95197 /* Lab2_DeepanParikh_C0824505_iOS */;
			targetProxy = 1801B149279F963D00A95197 /* PBXContainerItemProxy */;
		};
		1801B154279F963E00A95197 /* PBXTargetDependency */ = {
			isa = PBXTargetDependency;
			target = 1801B131279F963B00A95197 /* Lab2_DeepanParikh_C0824505_iOS */;
			targetProxy = 1801B153279F963E00A95197 /* PBXContainerItemProxy */;
		};
/* End PBXTargetDependency section */

/* Begin PBXVariantGroup section */
		1801B13B279F963B00A95197 /* Main.storyboard */ = {
			isa = PBXVariantGroup;
			children = (
				1801B13C279F963B00A95197 /* Base */,
			);
			name = Main.storyboard;
			sourceTree = "<group>";
		};
		1801B140279F963D00A95197 /* LaunchScreen.storyboard */ = {
			isa = PBXVariantGroup;
			children = (
				1801B141279F963D00A95197 /* Base */,
			);
			name = LaunchScreen.storyboard;
			sourceTree = "<group>";
		};
/* End PBXVariantGroup section */

/* Begin XCBuildConfiguration section */
		1801B15A279F963E00A95197 /* Debug */ = {
			isa = XCBuildConfiguration;
			buildSettings = {
				ALWAYS_SEARCH_USER_PATHS = NO;
				CLANG_ANALYZER_NONNULL = YES;
				CLANG_ANALYZER_NUMBER_OBJECT_CONVERSION = YES_AGGRESSIVE;
				CLANG_CXX_LANGUAGE_STANDARD = "gnu++17";
				CLANG_CXX_LIBRARY = "libc++";
				CLANG_ENABLE_MODULES = YES;
				CLANG_ENABLE_OBJC_ARC = YES;
				CLANG_ENABLE_OBJC_WEAK = YES;
				CLANG_WARN_BLOCK_CAPTURE_AUTORELEASING = YES;
				CLANG_WARN_BOOL_CONVERSION = YES;
				CLANG_WARN_COMMA = YES;
				CLANG_WARN_CONSTANT_CONVERSION = YES;
				CLANG_WARN_DEPRECATED_OBJC_IMPLEMENTATIONS = YES;
				CLANG_WARN_DIRECT_OBJC_ISA_USAGE = YES_ERROR;
				CLANG_WARN_DOCUMENTATION_COMMENTS = YES;
				CLANG_WARN_EMPTY_BODY = YES;
				CLANG_WARN_ENUM_CONVERSION = YES;
				CLANG_WARN_INFINITE_RECURSION = YES;
				CLANG_WARN_INT_CONVERSION = YES;
				CLANG_WARN_NON_LITERAL_NULL_CONVERSION = YES;
				CLANG_WARN_OBJC_IMPLICIT_RETAIN_SELF = YES;
				CLANG_WARN_OBJC_LITERAL_CONVERSION = YES;
				CLANG_WARN_OBJC_ROOT_CLASS = YES_ERROR;
				CLANG_WARN_QUOTED_INCLUDE_IN_FRAMEWORK_HEADER = YES;
				CLANG_WARN_RANGE_LOOP_ANALYSIS = YES;
				CLANG_WARN_STRICT_PROTOTYPES = YES;
				CLANG_WARN_SUSPICIOUS_MOVE = YES;
				CLANG_WARN_UNGUARDED_AVAILABILITY = YES_AGGRESSIVE;
				CLANG_WARN_UNREACHABLE_CODE = YES;
				CLANG_WARN__DUPLICATE_METHOD_MATCH = YES;
				COPY_PHASE_STRIP = NO;
				DEBUG_INFORMATION_FORMAT = dwarf;
				ENABLE_STRICT_OBJC_MSGSEND = YES;
				ENABLE_TESTABILITY = YES;
				GCC_C_LANGUAGE_STANDARD = gnu11;
				GCC_DYNAMIC_NO_PIC = NO;
				GCC_NO_COMMON_BLOCKS = YES;
				GCC_OPTIMIZATION_LEVEL = 0;
				GCC_PREPROCESSOR_DEFINITIONS = (
					"DEBUG=1",
					"$(inherited)",
				);
				GCC_WARN_64_TO_32_BIT_CONVERSION = YES;
				GCC_WARN_ABOUT_RETURN_TYPE = YES_ERROR;
				GCC_WARN_UNDECLARED_SELECTOR = YES;
				GCC_WARN_UNINITIALIZED_AUTOS = YES_AGGRESSIVE;
				GCC_WARN_UNUSED_FUNCTION = YES;
				GCC_WARN_UNUSED_VARIABLE = YES;
				IPHONEOS_DEPLOYMENT_TARGET = 15.0;
				MTL_ENABLE_DEBUG_INFO = INCLUDE_SOURCE;
				MTL_FAST_MATH = YES;
				ONLY_ACTIVE_ARCH = YES;
				SDKROOT = iphoneos;
				SWIFT_ACTIVE_COMPILATION_CONDITIONS = DEBUG;
				SWIFT_OPTIMIZATION_LEVEL = "-Onone";
			};
			name = Debug;
		};
		1801B15B279F963E00A95197 /* Release */ = {
			isa = XCBuildConfiguration;
			buildSettings = {
				ALWAYS_SEARCH_USER_PATHS = NO;
				CLANG_ANALYZER_NONNULL = YES;
				CLANG_ANALYZER_NUMBER_OBJECT_CONVERSION = YES_AGGRESSIVE;
				CLANG_CXX_LANGUAGE_STANDARD = "gnu++17";
				CLANG_CXX_LIBRARY = "libc++";
				CLANG_ENABLE_MODULES = YES;
				CLANG_ENABLE_OBJC_ARC = YES;
				CLANG_ENABLE_OBJC_WEAK = YES;
				CLANG_WARN_BLOCK_CAPTURE_AUTORELEASING = YES;
				CLANG_WARN_BOOL_CONVERSION = YES;
				CLANG_WARN_COMMA = YES;
				CLANG_WARN_CONSTANT_CONVERSION = YES;
				CLANG_WARN_DEPRECATED_OBJC_IMPLEMENTATIONS = YES;
				CLANG_WARN_DIRECT_OBJC_ISA_USAGE = YES_ERROR;
				CLANG_WARN_DOCUMENTATION_COMMENTS = YES;
				CLANG_WARN_EMPTY_BODY = YES;
				CLANG_WARN_ENUM_CONVERSION = YES;
				CLANG_WARN_INFINITE_RECURSION = YES;
				CLANG_WARN_INT_CONVERSION = YES;
				CLANG_WARN_NON_LITERAL_NULL_CONVERSION = YES;
				CLANG_WARN_OBJC_IMPLICIT_RETAIN_SELF = YES;
				CLANG_WARN_OBJC_LITERAL_CONVERSION = YES;
				CLANG_WARN_OBJC_ROOT_CLASS = YES_ERROR;
				CLANG_WARN_QUOTED_INCLUDE_IN_FRAMEWORK_HEADER = YES;
				CLANG_WARN_RANGE_LOOP_ANALYSIS = YES;
				CLANG_WARN_STRICT_PROTOTYPES = YES;
				CLANG_WARN_SUSPICIOUS_MOVE = YES;
				CLANG_WARN_UNGUARDED_AVAILABILITY = YES_AGGRESSIVE;
				CLANG_WARN_UNREACHABLE_CODE = YES;
				CLANG_WARN__DUPLICATE_METHOD_MATCH = YES;
				COPY_PHASE_STRIP = NO;
				DEBUG_INFORMATION_FORMAT = "dwarf-with-dsym";
				ENABLE_NS_ASSERTIONS = NO;
				ENABLE_STRICT_OBJC_MSGSEND = YES;
				GCC_C_LANGUAGE_STANDARD = gnu11;
				GCC_NO_COMMON_BLOCKS = YES;
				GCC_WARN_64_TO_32_BIT_CONVERSION = YES;
				GCC_WARN_ABOUT_RETURN_TYPE = YES_ERROR;
				GCC_WARN_UNDECLARED_SELECTOR = YES;
				GCC_WARN_UNINITIALIZED_AUTOS = YES_AGGRESSIVE;
				GCC_WARN_UNUSED_FUNCTION = YES;
				GCC_WARN_UNUSED_VARIABLE = YES;
				IPHONEOS_DEPLOYMENT_TARGET = 15.0;
				MTL_ENABLE_DEBUG_INFO = NO;
				MTL_FAST_MATH = YES;
				SDKROOT = iphoneos;
				SWIFT_COMPILATION_MODE = wholemodule;
				SWIFT_OPTIMIZATION_LEVEL = "-O";
				VALIDATE_PRODUCT = YES;
			};
			name = Release;
		};
		1801B15D279F963E00A95197 /* Debug */ = {
			isa = XCBuildConfiguration;
			buildSettings = {
				ASSETCATALOG_COMPILER_APPICON_NAME = AppIcon;
				ASSETCATALOG_COMPILER_GLOBAL_ACCENT_COLOR_NAME = AccentColor;
				CODE_SIGN_STYLE = Automatic;
				CURRENT_PROJECT_VERSION = 1;
				GENERATE_INFOPLIST_FILE = YES;
				INFOPLIST_FILE = Lab2_DeepanParikh_C0824505_iOS/Info.plist;
				INFOPLIST_KEY_UIApplicationSupportsIndirectInputEvents = YES;
				INFOPLIST_KEY_UILaunchStoryboardName = LaunchScreen;
				INFOPLIST_KEY_UIMainStoryboardFile = Main;
				INFOPLIST_KEY_UISupportedInterfaceOrientations_iPad = "UIInterfaceOrientationPortrait UIInterfaceOrientationPortraitUpsideDown UIInterfaceOrientationLandscapeLeft UIInterfaceOrientationLandscapeRight";
				INFOPLIST_KEY_UISupportedInterfaceOrientations_iPhone = "UIInterfaceOrientationPortrait UIInterfaceOrientationLandscapeLeft UIInterfaceOrientationLandscapeRight";
				LD_RUNPATH_SEARCH_PATHS = (
					"$(inherited)",
					"@executable_path/Frameworks",
				);
				MARKETING_VERSION = 1.0;
				PRODUCT_BUNDLE_IDENTIFIER = "com.lambtonLabTest2.Lab2-DeepanParikh-C0824505-iOS";
				PRODUCT_NAME = "$(TARGET_NAME)";
				SWIFT_EMIT_LOC_STRINGS = YES;
				SWIFT_VERSION = 5.0;
				TARGETED_DEVICE_FAMILY = "1,2";
			};
			name = Debug;
		};
		1801B15E279F963E00A95197 /* Release */ = {
			isa = XCBuildConfiguration;
			buildSettings = {
				ASSETCATALOG_COMPILER_APPICON_NAME = AppIcon;
				ASSETCATALOG_COMPILER_GLOBAL_ACCENT_COLOR_NAME = AccentColor;
				CODE_SIGN_STYLE = Automatic;
				CURRENT_PROJECT_VERSION = 1;
				GENERATE_INFOPLIST_FILE = YES;
				INFOPLIST_FILE = Lab2_DeepanParikh_C0824505_iOS/Info.plist;
				INFOPLIST_KEY_UIApplicationSupportsIndirectInputEvents = YES;
				INFOPLIST_KEY_UILaunchStoryboardName = LaunchScreen;
				INFOPLIST_KEY_UIMainStoryboardFile = Main;
				INFOPLIST_KEY_UISupportedInterfaceOrientations_iPad = "UIInterfaceOrientationPortrait UIInterfaceOrientationPortraitUpsideDown UIInterfaceOrientationLandscapeLeft UIInterfaceOrientationLandscapeRight";
				INFOPLIST_KEY_UISupportedInterfaceOrientations_iPhone = "UIInterfaceOrientationPortrait UIInterfaceOrientationLandscapeLeft UIInterfaceOrientationLandscapeRight";
				LD_RUNPATH_SEARCH_PATHS = (
					"$(inherited)",
					"@executable_path/Frameworks",
				);
				MARKETING_VERSION = 1.0;
				PRODUCT_BUNDLE_IDENTIFIER = "com.lambtonLabTest2.Lab2-DeepanParikh-C0824505-iOS";
				PRODUCT_NAME = "$(TARGET_NAME)";
				SWIFT_EMIT_LOC_STRINGS = YES;
				SWIFT_VERSION = 5.0;
				TARGETED_DEVICE_FAMILY = "1,2";
			};
			name = Release;
		};
		1801B160279F963E00A95197 /* Debug */ = {
			isa = XCBuildConfiguration;
			buildSettings = {
				ALWAYS_EMBED_SWIFT_STANDARD_LIBRARIES = YES;
				BUNDLE_LOADER = "$(TEST_HOST)";
				CODE_SIGN_STYLE = Automatic;
				CURRENT_PROJECT_VERSION = 1;
				GENERATE_INFOPLIST_FILE = YES;
				IPHONEOS_DEPLOYMENT_TARGET = 15.0;
				LD_RUNPATH_SEARCH_PATHS = (
					"$(inherited)",
					"@executable_path/Frameworks",
					"@loader_path/Frameworks",
				);
				MARKETING_VERSION = 1.0;
				PRODUCT_BUNDLE_IDENTIFIER = "com.lambtonLabTest2.Lab2-DeepanParikh-C0824505-iOSTests";
				PRODUCT_NAME = "$(TARGET_NAME)";
				SWIFT_EMIT_LOC_STRINGS = NO;
				SWIFT_VERSION = 5.0;
				TARGETED_DEVICE_FAMILY = "1,2";
				TEST_HOST = "$(BUILT_PRODUCTS_DIR)/Lab2_DeepanParikh_C0824505_iOS.app/Lab2_DeepanParikh_C0824505_iOS";
			};
			name = Debug;
		};
		1801B161279F963E00A95197 /* Release */ = {
			isa = XCBuildConfiguration;
			buildSettings = {
				ALWAYS_EMBED_SWIFT_STANDARD_LIBRARIES = YES;
				BUNDLE_LOADER = "$(TEST_HOST)";
				CODE_SIGN_STYLE = Automatic;
				CURRENT_PROJECT_VERSION = 1;
				GENERATE_INFOPLIST_FILE = YES;
				IPHONEOS_DEPLOYMENT_TARGET = 15.0;
				LD_RUNPATH_SEARCH_PATHS = (
					"$(inherited)",
					"@executable_path/Frameworks",
					"@loader_path/Frameworks",
				);
				MARKETING_VERSION = 1.0;
				PRODUCT_BUNDLE_IDENTIFIER = "com.lambtonLabTest2.Lab2-DeepanParikh-C0824505-iOSTests";
				PRODUCT_NAME = "$(TARGET_NAME)";
				SWIFT_EMIT_LOC_STRINGS = NO;
				SWIFT_VERSION = 5.0;
				TARGETED_DEVICE_FAMILY = "1,2";
				TEST_HOST = "$(BUILT_PRODUCTS_DIR)/Lab2_DeepanParikh_C0824505_iOS.app/Lab2_DeepanParikh_C0824505_iOS";
			};
			name = Release;
		};
		1801B163279F963E00A95197 /* Debug */ = {
			isa = XCBuildConfiguration;
			buildSettings = {
				ALWAYS_EMBED_SWIFT_STANDARD_LIBRARIES = YES;
				CODE_SIGN_STYLE = Automatic;
				CURRENT_PROJECT_VERSION = 1;
				GENERATE_INFOPLIST_FILE = YES;
				LD_RUNPATH_SEARCH_PATHS = (
					"$(inherited)",
					"@executable_path/Frameworks",
					"@loader_path/Frameworks",
				);
				MARKETING_VERSION = 1.0;
				PRODUCT_BUNDLE_IDENTIFIER = "com.lambtonLabTest2.Lab2-DeepanParikh-C0824505-iOSUITests";
				PRODUCT_NAME = "$(TARGET_NAME)";
				SWIFT_EMIT_LOC_STRINGS = NO;
				SWIFT_VERSION = 5.0;
				TARGETED_DEVICE_FAMILY = "1,2";
				TEST_TARGET_NAME = Lab2_DeepanParikh_C0824505_iOS;
			};
			name = Debug;
		};
		1801B164279F963E00A95197 /* Release */ = {
			isa = XCBuildConfiguration;
			buildSettings = {
				ALWAYS_EMBED_SWIFT_STANDARD_LIBRARIES = YES;
				CODE_SIGN_STYLE = Automatic;
				CURRENT_PROJECT_VERSION = 1;
				GENERATE_INFOPLIST_FILE = YES;
				LD_RUNPATH_SEARCH_PATHS = (
					"$(inherited)",
					"@executable_path/Frameworks",
					"@loader_path/Frameworks",
				);
				MARKETING_VERSION = 1.0;
				PRODUCT_BUNDLE_IDENTIFIER = "com.lambtonLabTest2.Lab2-DeepanParikh-C0824505-iOSUITests";
				PRODUCT_NAME = "$(TARGET_NAME)";
				SWIFT_EMIT_LOC_STRINGS = NO;
				SWIFT_VERSION = 5.0;
				TARGETED_DEVICE_FAMILY = "1,2";
				TEST_TARGET_NAME = Lab2_DeepanParikh_C0824505_iOS;
			};
			name = Release;
		};
/* End XCBuildConfiguration section */

/* Begin XCConfigurationList section */
		1801B12D279F963B00A95197 /* Build configuration list for PBXProject "Lab2_DeepanParikh_C0824505_iOS" */ = {
			isa = XCConfigurationList;
			buildConfigurations = (
				1801B15A279F963E00A95197 /* Debug */,
				1801B15B279F963E00A95197 /* Release */,
			);
			defaultConfigurationIsVisible = 0;
			defaultConfigurationName = Release;
		};
		1801B15C279F963E00A95197 /* Build configuration list for PBXNativeTarget "Lab2_DeepanParikh_C0824505_iOS" */ = {
			isa = XCConfigurationList;
			buildConfigurations = (
				1801B15D279F963E00A95197 /* Debug */,
				1801B15E279F963E00A95197 /* Release */,
			);
			defaultConfigurationIsVisible = 0;
			defaultConfigurationName = Release;
		};
		1801B15F279F963E00A95197 /* Build configuration list for PBXNativeTarget "Lab2_DeepanParikh_C0824505_iOSTests" */ = {
			isa = XCConfigurationList;
			buildConfigurations = (
				1801B160279F963E00A95197 /* Debug */,
				1801B161279F963E00A95197 /* Release */,
			);
			defaultConfigurationIsVisible = 0;
			defaultConfigurationName = Release;
		};
		1801B162279F963E00A95197 /* Build configuration list for PBXNativeTarget "Lab2_DeepanParikh_C0824505_iOSUITests" */ = {
			isa = XCConfigurationList;
			buildConfigurations = (
				1801B163279F963E00A95197 /* Debug */,
				1801B164279F963E00A95197 /* Release */,
			);
			defaultConfigurationIsVisible = 0;
			defaultConfigurationName = Release;
		};
/* End XCConfigurationList section */

/* Begin XCVersionGroup section */
		1801B165279F980500A95197 /* lab2model.xcdatamodeld */ = {
			isa = XCVersionGroup;
			children = (
				1801B166279F980500A95197 /* lab2model.xcdatamodel */,
			);
			currentVersion = 1801B166279F980500A95197 /* lab2model.xcdatamodel */;
			path = lab2model.xcdatamodeld;
			sourceTree = "<group>";
			versionGroupType = wrapper.xcdatamodel;
		};
/* End XCVersionGroup section */
	};
	rootObject = 1801B12A279F963B00A95197 /* Project object */;
}
